
Microsoft Visual Studio Solution File, Format Version 12.00
Project("{FAE04EC0-301F-11D3-BF4B-00C04F79EFBC}") = "N0zzy", "Library\N0zzy\N0zzy.csproj", "{E2187D56-E4BF-429B-9352-B0919635FA0F}"
EndProject
Project("{FAE04EC0-301F-11D3-BF4B-00C04F79EFBC}") = "GLPchp", "Packages\GLPchp\GLPchp.csproj", "{5A4900E9-C376-4086-89A6-50D274D210DA}"
EndProject
Project("{FAE04EC0-301F-11D3-BF4B-00C04F79EFBC}") = "Application", "Application\Application.csproj", "{4AD3C6A0-EF3D-4A02-B7D8-D866A8F676EE}"
EndProject
Global
	GlobalSection(SolutionConfigurationPlatforms) = preSolution
		Debug|Any CPU = Debug|Any CPU
		Release|Any CPU = Release|Any CPU
	EndGlobalSection
	GlobalSection(ProjectConfigurationPlatforms) = postSolution
		{E2187D56-E4BF-429B-9352-B0919635FA0F}.Debug|Any CPU.ActiveCfg = Debug|Any CPU
		{E2187D56-E4BF-429B-9352-B0919635FA0F}.Debug|Any CPU.Build.0 = Debug|Any CPU
		{E2187D56-E4BF-429B-9352-B0919635FA0F}.Release|Any CPU.ActiveCfg = Debug|Any CPU
		{E2187D56-E4BF-429B-9352-B0919635FA0F}.Release|Any CPU.Build.0 = Debug|Any CPU
		{5A4900E9-C376-4086-89A6-50D274D210DA}.Debug|Any CPU.ActiveCfg = Debug|Any CPU
		{5A4900E9-C376-4086-89A6-50D274D210DA}.Debug|Any CPU.Build.0 = Debug|Any CPU
		{5A4900E9-C376-4086-89A6-50D274D210DA}.Release|Any CPU.ActiveCfg = Debug|Any CPU
		{5A4900E9-C376-4086-89A6-50D274D210DA}.Release|Any CPU.Build.0 = Debug|Any CPU
		{4AD3C6A0-EF3D-4A02-B7D8-D866A8F676EE}.Debug|Any CPU.ActiveCfg = Debug|Any CPU
		{4AD3C6A0-EF3D-4A02-B7D8-D866A8F676EE}.Debug|Any CPU.Build.0 = Debug|Any CPU
		{4AD3C6A0-EF3D-4A02-B7D8-D866A8F676EE}.Release|Any CPU.ActiveCfg = Debug|Any CPU
		{4AD3C6A0-EF3D-4A02-B7D8-D866A8F676EE}.Release|Any CPU.Build.0 = Debug|Any CPU
	EndGlobalSection
EndGlobal
