
Microsoft Visual Studio Solution File, Format Version 12.00
Project("{FAE04EC0-301F-11D3-BF4B-00C04F79EFBC}") = "Sdk", "..\..\GodotPhp\Sdk\Sdk.csproj", "{ADACD312-8547-4927-8F51-6A1A271F2620}"
EndProject
Global
	GlobalSection(SolutionConfigurationPlatforms) = preSolution
		Debug|Any CPU = Debug|Any CPU
		Release|Any CPU = Release|Any CPU
	EndGlobalSection
	GlobalSection(ProjectConfigurationPlatforms) = postSolution
		{ADACD312-8547-4927-8F51-6A1A271F2620}.Debug|Any CPU.ActiveCfg = Debug|Any CPU
		{ADACD312-8547-4927-8F51-6A1A271F2620}.Debug|Any CPU.Build.0 = Debug|Any CPU
		{ADACD312-8547-4927-8F51-6A1A271F2620}.Release|Any CPU.ActiveCfg = Release|Any CPU
		{ADACD312-8547-4927-8F51-6A1A271F2620}.Release|Any CPU.Build.0 = Release|Any CPU
	EndGlobalSection
EndGlobal
